// !$*UTF8*$!
{
	archiveVersion = 1;
	classes = {
	};
	objectVersion = 50;
	objects = {

/* Begin PBXBuildFile section */
		B6092B2822B89915002DAAE8 /* AppDelegate.swift in Sources */ = {isa = PBXBuildFile; fileRef = B6092B2722B89915002DAAE8 /* AppDelegate.swift */; };
		B6092B2D22B89915002DAAE8 /* Main.storyboard in Resources */ = {isa = PBXBuildFile; fileRef = B6092B2B22B89915002DAAE8 /* Main.storyboard */; };
		B6092B3222B89917002DAAE8 /* LaunchScreen.storyboard in Resources */ = {isa = PBXBuildFile; fileRef = B6092B3022B89917002DAAE8 /* LaunchScreen.storyboard */; };
		B6092B3A22B89BE9002DAAE8 /* Assets.xcassets in Resources */ = {isa = PBXBuildFile; fileRef = B6092B3922B89BE9002DAAE8 /* Assets.xcassets */; };
		B6092B3C22B8A16D002DAAE8 /* LigasTableViewController.swift in Sources */ = {isa = PBXBuildFile; fileRef = B6092B3B22B8A16D002DAAE8 /* LigasTableViewController.swift */; };
		B6092B6922B9757C002DAAE8 /* Liga.swift in Sources */ = {isa = PBXBuildFile; fileRef = B6092B6822B9757C002DAAE8 /* Liga.swift */; };
		B6092B8F22B9CE73002DAAE8 /* LigaView.swift in Sources */ = {isa = PBXBuildFile; fileRef = B6092B8E22B9CE73002DAAE8 /* LigaView.swift */; };
/* End PBXBuildFile section */

/* Begin PBXFileReference section */
		B6092B2422B89915002DAAE8 /* LigasNacionais.app */ = {isa = PBXFileReference; explicitFileType = wrapper.application; includeInIndex = 0; path = LigasNacionais.app; sourceTree = BUILT_PRODUCTS_DIR; };
		B6092B2722B89915002DAAE8 /* AppDelegate.swift */ = {isa = PBXFileReference; lastKnownFileType = sourcecode.swift; path = AppDelegate.swift; sourceTree = "<group>"; };
		B6092B2C22B89915002DAAE8 /* Base */ = {isa = PBXFileReference; lastKnownFileType = file.storyboard; name = Base; path = Base.lproj/Main.storyboard; sourceTree = "<group>"; };
		B6092B3122B89917002DAAE8 /* Base */ = {isa = PBXFileReference; lastKnownFileType = file.storyboard; name = Base; path = Base.lproj/LaunchScreen.storyboard; sourceTree = "<group>"; };
		B6092B3322B89917002DAAE8 /* Info.plist */ = {isa = PBXFileReference; lastKnownFileType = text.plist.xml; path = Info.plist; sourceTree = "<group>"; };
		B6092B3922B89BE9002DAAE8 /* Assets.xcassets */ = {isa = PBXFileReference; lastKnownFileType = folder.assetcatalog; path = Assets.xcassets; sourceTree = "<group>"; };
		B6092B3B22B8A16D002DAAE8 /* LigasTableViewController.swift */ = {isa = PBXFileReference; lastKnownFileType = sourcecode.swift; path = LigasTableViewController.swift; sourceTree = "<group>"; };
		B6092B6822B9757C002DAAE8 /* Liga.swift */ = {isa = PBXFileReference; lastKnownFileType = sourcecode.swift; path = Liga.swift; sourceTree = "<group>"; };
		B6092B8E22B9CE73002DAAE8 /* LigaView.swift */ = {isa = PBXFileReference; lastKnownFileType = sourcecode.swift; path = LigaView.swift; sourceTree = "<group>"; };
/* End PBXFileReference section */

/* Begin PBXFrameworksBuildPhase section */
		B6092B2122B89915002DAAE8 /* Frameworks */ = {
			isa = PBXFrameworksBuildPhase;
			buildActionMask = 2147483647;
			files = (
			);
			runOnlyForDeploymentPostprocessing = 0;
		};
/* End PBXFrameworksBuildPhase section */

/* Begin PBXGroup section */
		B6092B1B22B89915002DAAE8 = {
			isa = PBXGroup;
			children = (
				B6092B2622B89915002DAAE8 /* LigasNacionais */,
				B6092B2522B89915002DAAE8 /* Products */,
			);
			sourceTree = "<group>";
		};
		B6092B2522B89915002DAAE8 /* Products */ = {
			isa = PBXGroup;
			children = (
				B6092B2422B89915002DAAE8 /* LigasNacionais.app */,
			);
			name = Products;
			sourceTree = "<group>";
		};
		B6092B2622B89915002DAAE8 /* LigasNacionais */ = {
			isa = PBXGroup;
			children = (
				B6092B8B22B9CDFB002DAAE8 /* View */,
				B6092B4522B94A9A002DAAE8 /* Model */,
				B6092B3F22B8A1A0002DAAE8 /* Storyboard */,
				B6092B3E22B8A194002DAAE8 /* Supporting Files */,
				B6092B3D22B8A172002DAAE8 /* Controller */,
				B6092B3922B89BE9002DAAE8 /* Assets.xcassets */,
				B6092B3322B89917002DAAE8 /* Info.plist */,
			);
			path = LigasNacionais;
			sourceTree = "<group>";
		};
		B6092B3D22B8A172002DAAE8 /* Controller */ = {
			isa = PBXGroup;
			children = (
				B6092B3B22B8A16D002DAAE8 /* LigasTableViewController.swift */,
			);
			path = Controller;
			sourceTree = "<group>";
		};
		B6092B3E22B8A194002DAAE8 /* Supporting Files */ = {
			isa = PBXGroup;
			children = (
				B6092B2722B89915002DAAE8 /* AppDelegate.swift */,
			);
			path = "Supporting Files";
			sourceTree = "<group>";
		};
		B6092B3F22B8A1A0002DAAE8 /* Storyboard */ = {
			isa = PBXGroup;
			children = (
				B6092B2B22B89915002DAAE8 /* Main.storyboard */,
				B6092B3022B89917002DAAE8 /* LaunchScreen.storyboard */,
			);
			path = Storyboard;
			sourceTree = "<group>";
		};
		B6092B4522B94A9A002DAAE8 /* Model */ = {
			isa = PBXGroup;
			children = (
				B6092B6822B9757C002DAAE8 /* Liga.swift */,
			);
			path = Model;
			sourceTree = "<group>";
		};
		B6092B8B22B9CDFB002DAAE8 /* View */ = {
			isa = PBXGroup;
			children = (
				B6092B8E22B9CE73002DAAE8 /* LigaView.swift */,
			);
			path = View;
			sourceTree = "<group>";
		};
/* End PBXGroup section */

/* Begin PBXNativeTarget section */
		B6092B2322B89915002DAAE8 /* LigasNacionais */ = {
			isa = PBXNativeTarget;
			buildConfigurationList = B6092B3622B89917002DAAE8 /* Build configuration list for PBXNativeTarget "LigasNacionais" */;
			buildPhases = (
				B6092B2022B89915002DAAE8 /* Sources */,
				B6092B2122B89915002DAAE8 /* Frameworks */,
				B6092B2222B89915002DAAE8 /* Resources */,
			);
			buildRules = (
			);
			dependencies = (
			);
			name = LigasNacionais;
			productName = LigasNacionais;
			productReference = B6092B2422B89915002DAAE8 /* LigasNacionais.app */;
			productType = "com.apple.product-type.application";
		};
/* End PBXNativeTarget section */

/* Begin PBXProject section */
		B6092B1C22B89915002DAAE8 /* Project object */ = {
			isa = PBXProject;
			attributes = {
				LastSwiftUpdateCheck = 1020;
				LastUpgradeCheck = 1020;
				ORGANIZATIONNAME = "Lucas Fernandez Nicolau";
				TargetAttributes = {
					B6092B2322B89915002DAAE8 = {
						CreatedOnToolsVersion = 10.2.1;
					};
				};
			};
			buildConfigurationList = B6092B1F22B89915002DAAE8 /* Build configuration list for PBXProject "LigasNacionais" */;
			compatibilityVersion = "Xcode 9.3";
			developmentRegion = en;
			hasScannedForEncodings = 0;
			knownRegions = (
				en,
				Base,
			);
			mainGroup = B6092B1B22B89915002DAAE8;
			productRefGroup = B6092B2522B89915002DAAE8 /* Products */;
			projectDirPath = "";
			projectRoot = "";
			targets = (
				B6092B2322B89915002DAAE8 /* LigasNacionais */,
			);
		};
/* End PBXProject section */

/* Begin PBXResourcesBuildPhase section */
		B6092B2222B89915002DAAE8 /* Resources */ = {
			isa = PBXResourcesBuildPhase;
			buildActionMask = 2147483647;
			files = (
				B6092B3222B89917002DAAE8 /* LaunchScreen.storyboard in Resources */,
				B6092B3A22B89BE9002DAAE8 /* Assets.xcassets in Resources */,
				B6092B2D22B89915002DAAE8 /* Main.storyboard in Resources */,
			);
			runOnlyForDeploymentPostprocessing = 0;
		};
/* End PBXResourcesBuildPhase section */

/* Begin PBXSourcesBuildPhase section */
		B6092B2022B89915002DAAE8 /* Sources */ = {
			isa = PBXSourcesBuildPhase;
			buildActionMask = 2147483647;
			files = (
				B6092B6922B9757C002DAAE8 /* Liga.swift in Sources */,
				B6092B8F22B9CE73002DAAE8 /* LigaView.swift in Sources */,
				B6092B3C22B8A16D002DAAE8 /* LigasTableViewController.swift in Sources */,
				B6092B2822B89915002DAAE8 /* AppDelegate.swift in Sources */,
			);
			runOnlyForDeploymentPostprocessing = 0;
		};
/* End PBXSourcesBuildPhase section */

/* Begin PBXVariantGroup section */
		B6092B2B22B89915002DAAE8 /* Main.storyboard */ = {
			isa = PBXVariantGroup;
			children = (
				B6092B2C22B89915002DAAE8 /* Base */,
			);
			name = Main.storyboard;
			sourceTree = "<group>";
		};
		B6092B3022B89917002DAAE8 /* LaunchScreen.storyboard */ = {
			isa = PBXVariantGroup;
			children = (
				B6092B3122B89917002DAAE8 /* Base */,
			);
			name = LaunchScreen.storyboard;
			sourceTree = "<group>";
		};
/* End PBXVariantGroup section */

/* Begin XCBuildConfiguration section */
		B6092B3422B89917002DAAE8 /* Debug */ = {
			isa = XCBuildConfiguration;
			buildSettings = {
				ALWAYS_SEARCH_USER_PATHS = NO;
				CLANG_ANALYZER_NONNULL = YES;
				CLANG_ANALYZER_NUMBER_OBJECT_CONVERSION = YES_AGGRESSIVE;
				CLANG_CXX_LANGUAGE_STANDARD = "gnu++14";
				CLANG_CXX_LIBRARY = "libc++";
				CLANG_ENABLE_MODULES = YES;
				CLANG_ENABLE_OBJC_ARC = YES;
				CLANG_ENABLE_OBJC_WEAK = YES;
				CLANG_WARN_BLOCK_CAPTURE_AUTORELEASING = YES;
				CLANG_WARN_BOOL_CONVERSION = YES;
				CLANG_WARN_COMMA = YES;
				CLANG_WARN_CONSTANT_CONVERSION = YES;
				CLANG_WARN_DEPRECATED_OBJC_IMPLEMENTATIONS = YES;
				CLANG_WARN_DIRECT_OBJC_ISA_USAGE = YES_ERROR;
				CLANG_WARN_DOCUMENTATION_COMMENTS = YES;
				CLANG_WARN_EMPTY_BODY = YES;
				CLANG_WARN_ENUM_CONVERSION = YES;
				CLANG_WARN_INFINITE_RECURSION = YES;
				CLANG_WARN_INT_CONVERSION = YES;
				CLANG_WARN_NON_LITERAL_NULL_CONVERSION = YES;
				CLANG_WARN_OBJC_IMPLICIT_RETAIN_SELF = YES;
				CLANG_WARN_OBJC_LITERAL_CONVERSION = YES;
				CLANG_WARN_OBJC_ROOT_CLASS = YES_ERROR;
				CLANG_WARN_RANGE_LOOP_ANALYSIS = YES;
				CLANG_WARN_STRICT_PROTOTYPES = YES;
				CLANG_WARN_SUSPICIOUS_MOVE = YES;
				CLANG_WARN_UNGUARDED_AVAILABILITY = YES_AGGRESSIVE;
				CLANG_WARN_UNREACHABLE_CODE = YES;
				CLANG_WARN__DUPLICATE_METHOD_MATCH = YES;
				CODE_SIGN_IDENTITY = "iPhone Developer";
				COPY_PHASE_STRIP = NO;
				DEBUG_INFORMATION_FORMAT = dwarf;
				ENABLE_STRICT_OBJC_MSGSEND = YES;
				ENABLE_TESTABILITY = YES;
				GCC_C_LANGUAGE_STANDARD = gnu11;
				GCC_DYNAMIC_NO_PIC = NO;
				GCC_NO_COMMON_BLOCKS = YES;
				GCC_OPTIMIZATION_LEVEL = 0;
				GCC_PREPROCESSOR_DEFINITIONS = (
					"DEBUG=1",
					"$(inherited)",
				);
				GCC_WARN_64_TO_32_BIT_CONVERSION = YES;
				GCC_WARN_ABOUT_RETURN_TYPE = YES_ERROR;
				GCC_WARN_UNDECLARED_SELECTOR = YES;
				GCC_WARN_UNINITIALIZED_AUTOS = YES_AGGRESSIVE;
				GCC_WARN_UNUSED_FUNCTION = YES;
				GCC_WARN_UNUSED_VARIABLE = YES;
				IPHONEOS_DEPLOYMENT_TARGET = 12.2;
				MTL_ENABLE_DEBUG_INFO = INCLUDE_SOURCE;
				MTL_FAST_MATH = YES;
				ONLY_ACTIVE_ARCH = YES;
				SDKROOT = iphoneos;
				SWIFT_ACTIVE_COMPILATION_CONDITIONS = DEBUG;
				SWIFT_OPTIMIZATION_LEVEL = "-Onone";
			};
			name = Debug;
		};
		B6092B3522B89917002DAAE8 /* Release */ = {
			isa = XCBuildConfiguration;
			buildSettings = {
				ALWAYS_SEARCH_USER_PATHS = NO;
				CLANG_ANALYZER_NONNULL = YES;
				CLANG_ANALYZER_NUMBER_OBJECT_CONVERSION = YES_AGGRESSIVE;
				CLANG_CXX_LANGUAGE_STANDARD = "gnu++14";
				CLANG_CXX_LIBRARY = "libc++";
				CLANG_ENABLE_MODULES = YES;
				CLANG_ENABLE_OBJC_ARC = YES;
				CLANG_ENABLE_OBJC_WEAK = YES;
				CLANG_WARN_BLOCK_CAPTURE_AUTORELEASING = YES;
				CLANG_WARN_BOOL_CONVERSION = YES;
				CLANG_WARN_COMMA = YES;
				CLANG_WARN_CONSTANT_CONVERSION = YES;
				CLANG_WARN_DEPRECATED_OBJC_IMPLEMENTATIONS = YES;
				CLANG_WARN_DIRECT_OBJC_ISA_USAGE = YES_ERROR;
				CLANG_WARN_DOCUMENTATION_COMMENTS = YES;
				CLANG_WARN_EMPTY_BODY = YES;
				CLANG_WARN_ENUM_CONVERSION = YES;
				CLANG_WARN_INFINITE_RECURSION = YES;
				CLANG_WARN_INT_CONVERSION = YES;
				CLANG_WARN_NON_LITERAL_NULL_CONVERSION = YES;
				CLANG_WARN_OBJC_IMPLICIT_RETAIN_SELF = YES;
				CLANG_WARN_OBJC_LITERAL_CONVERSION = YES;
				CLANG_WARN_OBJC_ROOT_CLASS = YES_ERROR;
				CLANG_WARN_RANGE_LOOP_ANALYSIS = YES;
				CLANG_WARN_STRICT_PROTOTYPES = YES;
				CLANG_WARN_SUSPICIOUS_MOVE = YES;
				CLANG_WARN_UNGUARDED_AVAILABILITY = YES_AGGRESSIVE;
				CLANG_WARN_UNREACHABLE_CODE = YES;
				CLANG_WARN__DUPLICATE_METHOD_MATCH = YES;
				CODE_SIGN_IDENTITY = "iPhone Developer";
				COPY_PHASE_STRIP = NO;
				DEBUG_INFORMATION_FORMAT = "dwarf-with-dsym";
				ENABLE_NS_ASSERTIONS = NO;
				ENABLE_STRICT_OBJC_MSGSEND = YES;
				GCC_C_LANGUAGE_STANDARD = gnu11;
				GCC_NO_COMMON_BLOCKS = YES;
				GCC_WARN_64_TO_32_BIT_CONVERSION = YES;
				GCC_WARN_ABOUT_RETURN_TYPE = YES_ERROR;
				GCC_WARN_UNDECLARED_SELECTOR = YES;
				GCC_WARN_UNINITIALIZED_AUTOS = YES_AGGRESSIVE;
				GCC_WARN_UNUSED_FUNCTION = YES;
				GCC_WARN_UNUSED_VARIABLE = YES;
				IPHONEOS_DEPLOYMENT_TARGET = 12.2;
				MTL_ENABLE_DEBUG_INFO = NO;
				MTL_FAST_MATH = YES;
				SDKROOT = iphoneos;
				SWIFT_COMPILATION_MODE = wholemodule;
				SWIFT_OPTIMIZATION_LEVEL = "-O";
				VALIDATE_PRODUCT = YES;
			};
			name = Release;
		};
		B6092B3722B89917002DAAE8 /* Debug */ = {
			isa = XCBuildConfiguration;
			buildSettings = {
				ASSETCATALOG_COMPILER_APPICON_NAME = AppIcon;
				CODE_SIGN_STYLE = Automatic;
				DEVELOPMENT_TEAM = 87G2Y58K9U;
				INFOPLIST_FILE = LigasNacionais/Info.plist;
				LD_RUNPATH_SEARCH_PATHS = (
					"$(inherited)",
					"@executable_path/Frameworks",
				);
				PRODUCT_BUNDLE_IDENTIFIER = com.lucasfnicolau.LigasNacionais;
				PRODUCT_NAME = "$(TARGET_NAME)";
				SWIFT_VERSION = 5.0;
				TARGETED_DEVICE_FAMILY = "1,2";
			};
			name = Debug;
		};
		B6092B3822B89917002DAAE8 /* Release */ = {
			isa = XCBuildConfiguration;
			buildSettings = {
				ASSETCATALOG_COMPILER_APPICON_NAME = AppIcon;
				CODE_SIGN_STYLE = Automatic;
				DEVELOPMENT_TEAM = 87G2Y58K9U;
				INFOPLIST_FILE = LigasNacionais/Info.plist;
				LD_RUNPATH_SEARCH_PATHS = (
					"$(inherited)",
					"@executable_path/Frameworks",
				);
				PRODUCT_BUNDLE_IDENTIFIER = com.lucasfnicolau.LigasNacionais;
				PRODUCT_NAME = "$(TARGET_NAME)";
				SWIFT_VERSION = 5.0;
				TARGETED_DEVICE_FAMILY = "1,2";
			};
			name = Release;
		};
/* End XCBuildConfiguration section */

/* Begin XCConfigurationList section */
		B6092B1F22B89915002DAAE8 /* Build configuration list for PBXProject "LigasNacionais" */ = {
			isa = XCConfigurationList;
			buildConfigurations = (
				B6092B3422B89917002DAAE8 /* Debug */,
				B6092B3522B89917002DAAE8 /* Release */,
			);
			defaultConfigurationIsVisible = 0;
			defaultConfigurationName = Release;
		};
		B6092B3622B89917002DAAE8 /* Build configuration list for PBXNativeTarget "LigasNacionais" */ = {
			isa = XCConfigurationList;
			buildConfigurations = (
				B6092B3722B89917002DAAE8 /* Debug */,
				B6092B3822B89917002DAAE8 /* Release */,
			);
			defaultConfigurationIsVisible = 0;
			defaultConfigurationName = Release;
		};
/* End XCConfigurationList section */
	};
	rootObject = B6092B1C22B89915002DAAE8 /* Project object */;
}
